
Microsoft Visual Studio Solution File, Format Version 12.00
# Visual Studio Version 17
VisualStudioVersion = 17.4.33122.133
MinimumVisualStudioVersion = 10.0.40219.1
Project("{FAE04EC0-301F-11D3-BF4B-00C04F79EFBC}") = "AoC2023", "AoC2023.csproj", "{117629F7-9264-4877-81AE-631EA499A52A}"
EndProject
Global
	GlobalSection(SolutionConfigurationPlatforms) = preSolution
		Debug|Any CPU = Debug|Any CPU
		Release|Any CPU = Release|Any CPU
	EndGlobalSection
	GlobalSection(ProjectConfigurationPlatforms) = postSolution
		{117629F7-9264-4877-81AE-631EA499A52A}.Debug|Any CPU.ActiveCfg = Debug|Any CPU
		{117629F7-9264-4877-81AE-631EA499A52A}.Debug|Any CPU.Build.0 = Debug|Any CPU
		{117629F7-9264-4877-81AE-631EA499A52A}.Release|Any CPU.ActiveCfg = Release|Any CPU
		{117629F7-9264-4877-81AE-631EA499A52A}.Release|Any CPU.Build.0 = Release|Any CPU
	EndGlobalSection
	GlobalSection(SolutionProperties) = preSolution
		HideSolutionNode = FALSE
	EndGlobalSection
	GlobalSection(ExtensibilityGlobals) = postSolution
		SolutionGuid = {CC323B5A-6826-4E1B-9E9C-6FBAC7D6A52E}
	EndGlobalSection
EndGlobal
